
Microsoft Visual Studio Solution File, Format Version 12.00
# Visual Studio 15
VisualStudioVersion = 15.0.27703.2035
MinimumVisualStudioVersion = 10.0.40219.1
Project("{9A19103F-16F7-4668-BE54-9A1E7A4F7556}") = "POCTwilioWhatsApp", "ChatAPI\POCTwilioWhatsApp.csproj", "{23F2CAF3-CB18-4117-9ECC-55F16DBE63BB}"
EndProject
Project("{E24C65DC-7377-472B-9ABA-BC803B73C61A}") = "chat-client", "chat-client\", "{5EB3D7FE-618A-47A1-8CDB-8268F5DED822}"
	ProjectSection(WebsiteProperties) = preProject
		TargetFrameworkMoniker = ".NETFramework,Version%3Dv4.0"
		Debug.AspNetCompiler.VirtualPath = "/localhost_50600"
		Debug.AspNetCompiler.PhysicalPath = "chat-client\"
		Debug.AspNetCompiler.TargetPath = "PrecompiledWeb\localhost_50600\"
		Debug.AspNetCompiler.Updateable = "true"
		Debug.AspNetCompiler.ForceOverwrite = "true"
		Debug.AspNetCompiler.FixedNames = "false"
		Debug.AspNetCompiler.Debug = "True"
		Release.AspNetCompiler.VirtualPath = "/localhost_50600"
		Release.AspNetCompiler.PhysicalPath = "chat-client\"
		Release.AspNetCompiler.TargetPath = "PrecompiledWeb\localhost_50600\"
		Release.AspNetCompiler.Updateable = "true"
		Release.AspNetCompiler.ForceOverwrite = "true"
		Release.AspNetCompiler.FixedNames = "false"
		Release.AspNetCompiler.Debug = "False"
		VWDPort = "50600"
		SlnRelativePath = "chat-client\"
	EndProjectSection
EndProject
Global
	GlobalSection(SolutionConfigurationPlatforms) = preSolution
		Debug|Any CPU = Debug|Any CPU
		Release|Any CPU = Release|Any CPU
	EndGlobalSection
	GlobalSection(ProjectConfigurationPlatforms) = postSolution
		{23F2CAF3-CB18-4117-9ECC-55F16DBE63BB}.Debug|Any CPU.ActiveCfg = Debug|Any CPU
		{23F2CAF3-CB18-4117-9ECC-55F16DBE63BB}.Debug|Any CPU.Build.0 = Debug|Any CPU
		{23F2CAF3-CB18-4117-9ECC-55F16DBE63BB}.Release|Any CPU.ActiveCfg = Release|Any CPU
		{23F2CAF3-CB18-4117-9ECC-55F16DBE63BB}.Release|Any CPU.Build.0 = Release|Any CPU
		{5EB3D7FE-618A-47A1-8CDB-8268F5DED822}.Debug|Any CPU.ActiveCfg = Debug|Any CPU
		{5EB3D7FE-618A-47A1-8CDB-8268F5DED822}.Debug|Any CPU.Build.0 = Debug|Any CPU
		{5EB3D7FE-618A-47A1-8CDB-8268F5DED822}.Release|Any CPU.ActiveCfg = Debug|Any CPU
		{5EB3D7FE-618A-47A1-8CDB-8268F5DED822}.Release|Any CPU.Build.0 = Debug|Any CPU
	EndGlobalSection
	GlobalSection(SolutionProperties) = preSolution
		HideSolutionNode = FALSE
	EndGlobalSection
	GlobalSection(ExtensibilityGlobals) = postSolution
		SolutionGuid = {CCC11D44-9A0B-48D8-8D8F-72E3310ACA34}
	EndGlobalSection
EndGlobal
